// !$*UTF8*$!
{
	archiveVersion = 1;
	classes = {
	};
	objectVersion = 77;
	objects = {

/* Begin PBXBuildFile section */
		AC57BD062CB32F5C00258CA9 /* server.key in CopyFiles */ = {isa = PBXBuildFile; fileRef = AC57BD022CB32F5C00258CA9 /* server.key */; };
		AC57BD072CB32F5C00258CA9 /* dh2048.pem in CopyFiles */ = {isa = PBXBuildFile; fileRef = AC57BD032CB32F5C00258CA9 /* dh2048.pem */; };
		AC57BD082CB32F5C00258CA9 /* server.crt in CopyFiles */ = {isa = PBXBuildFile; fileRef = AC57BD042CB32F5C00258CA9 /* server.crt */; };
		AC57BD092CB32F5C00258CA9 /* ca.crt in CopyFiles */ = {isa = PBXBuildFile; fileRef = AC57BD052CB32F5C00258CA9 /* ca.crt */; };
		AC57BD0C2CB3309B00258CA9 /* CoreFoundation.framework in Frameworks */ = {isa = PBXBuildFile; fileRef = AC57BD0B2CB3309B00258CA9 /* CoreFoundation.framework */; };
/* End PBXBuildFile section */

/* Begin PBXCopyFilesBuildPhase section */
		AC6E25722CAAA83900A66C3B /* CopyFiles */ = {
			isa = PBXCopyFilesBuildPhase;
			buildActionMask = 2147483647;
			dstPath = usr/share/man/man1;
			dstSubfolderSpec = 7;
			files = (
				AC57BD062CB32F5C00258CA9 /* server.key in CopyFiles */,
				AC57BD072CB32F5C00258CA9 /* dh2048.pem in CopyFiles */,
				AC57BD082CB32F5C00258CA9 /* server.crt in CopyFiles */,
				AC57BD092CB32F5C00258CA9 /* ca.crt in CopyFiles */,
			);
			runOnlyForDeploymentPostprocessing = 1;
		};
/* End PBXCopyFilesBuildPhase section */

/* Begin PBXFileReference section */
		AC57BD022CB32F5C00258CA9 /* server.key */ = {isa = PBXFileReference; lastKnownFileType = text; name = server.key; path = certs/server.key; sourceTree = "<group>"; };
		AC57BD032CB32F5C00258CA9 /* dh2048.pem */ = {isa = PBXFileReference; lastKnownFileType = text; name = dh2048.pem; path = certs/dh2048.pem; sourceTree = "<group>"; };
		AC57BD042CB32F5C00258CA9 /* server.crt */ = {isa = PBXFileReference; lastKnownFileType = text; name = server.crt; path = certs/server.crt; sourceTree = "<group>"; };
		AC57BD052CB32F5C00258CA9 /* ca.crt */ = {isa = PBXFileReference; lastKnownFileType = text; name = ca.crt; path = certs/ca.crt; sourceTree = "<group>"; };
		AC57BD0B2CB3309B00258CA9 /* CoreFoundation.framework */ = {isa = PBXFileReference; lastKnownFileType = wrapper.framework; name = CoreFoundation.framework; path = System/Library/Frameworks/CoreFoundation.framework; sourceTree = SDKROOT; };
		AC6E25742CAAA83900A66C3B /* MESH */ = {isa = PBXFileReference; explicitFileType = "compiled.mach-o.executable"; includeInIndex = 0; path = MESH; sourceTree = BUILT_PRODUCTS_DIR; };
/* End PBXFileReference section */

/* Begin PBXFileSystemSynchronizedRootGroup section */
		AC6E25762CAAA83900A66C3B /* MESH */ = {
			isa = PBXFileSystemSynchronizedRootGroup;
			path = MESH;
			sourceTree = "<group>";
		};
/* End PBXFileSystemSynchronizedRootGroup section */

/* Begin PBXFrameworksBuildPhase section */
		AC6E25712CAAA83900A66C3B /* Frameworks */ = {
			isa = PBXFrameworksBuildPhase;
			buildActionMask = 2147483647;
			files = (
				AC57BD0C2CB3309B00258CA9 /* CoreFoundation.framework in Frameworks */,
			);
			runOnlyForDeploymentPostprocessing = 0;
		};
/* End PBXFrameworksBuildPhase section */

/* Begin PBXGroup section */
		AC57BD0A2CB3309B00258CA9 /* Frameworks */ = {
			isa = PBXGroup;
			children = (
				AC57BD0B2CB3309B00258CA9 /* CoreFoundation.framework */,
			);
			name = Frameworks;
			sourceTree = "<group>";
		};
		AC6E256B2CAAA83900A66C3B = {
			isa = PBXGroup;
			children = (
				AC57BD052CB32F5C00258CA9 /* ca.crt */,
				AC57BD032CB32F5C00258CA9 /* dh2048.pem */,
				AC57BD042CB32F5C00258CA9 /* server.crt */,
				AC57BD022CB32F5C00258CA9 /* server.key */,
				AC6E25762CAAA83900A66C3B /* MESH */,
				AC57BD0A2CB3309B00258CA9 /* Frameworks */,
				AC6E25752CAAA83900A66C3B /* Products */,
			);
			sourceTree = "<group>";
		};
		AC6E25752CAAA83900A66C3B /* Products */ = {
			isa = PBXGroup;
			children = (
				AC6E25742CAAA83900A66C3B /* MESH */,
			);
			name = Products;
			sourceTree = "<group>";
		};
/* End PBXGroup section */

/* Begin PBXNativeTarget section */
		AC6E25732CAAA83900A66C3B /* MESH */ = {
			isa = PBXNativeTarget;
			buildConfigurationList = AC6E257B2CAAA83900A66C3B /* Build configuration list for PBXNativeTarget "MESH" */;
			buildPhases = (
				AC6E25702CAAA83900A66C3B /* Sources */,
				AC6E25712CAAA83900A66C3B /* Frameworks */,
				AC6E25722CAAA83900A66C3B /* CopyFiles */,
			);
			buildRules = (
			);
			dependencies = (
			);
			fileSystemSynchronizedGroups = (
				AC6E25762CAAA83900A66C3B /* MESH */,
			);
			name = MESH;
			packageProductDependencies = (
			);
			productName = MESH;
			productReference = AC6E25742CAAA83900A66C3B /* MESH */;
			productType = "com.apple.product-type.tool";
		};
/* End PBXNativeTarget section */

/* Begin PBXProject section */
		AC6E256C2CAAA83900A66C3B /* Project object */ = {
			isa = PBXProject;
			attributes = {
				BuildIndependentTargetsInParallel = 1;
				LastUpgradeCheck = 1600;
				TargetAttributes = {
					AC6E25732CAAA83900A66C3B = {
						CreatedOnToolsVersion = 16.0;
					};
				};
			};
			buildConfigurationList = AC6E256F2CAAA83900A66C3B /* Build configuration list for PBXProject "MESH" */;
			developmentRegion = en;
			hasScannedForEncodings = 0;
			knownRegions = (
				en,
				Base,
			);
			mainGroup = AC6E256B2CAAA83900A66C3B;
			minimizedProjectReferenceProxies = 1;
			preferredProjectObjectVersion = 77;
			productRefGroup = AC6E25752CAAA83900A66C3B /* Products */;
			projectDirPath = "";
			projectRoot = "";
			targets = (
				AC6E25732CAAA83900A66C3B /* MESH */,
			);
		};
/* End PBXProject section */

/* Begin PBXSourcesBuildPhase section */
		AC6E25702CAAA83900A66C3B /* Sources */ = {
			isa = PBXSourcesBuildPhase;
			buildActionMask = 2147483647;
			files = (
			);
			runOnlyForDeploymentPostprocessing = 0;
		};
/* End PBXSourcesBuildPhase section */

/* Begin XCBuildConfiguration section */
		AC6E25792CAAA83900A66C3B /* Debug */ = {
			isa = XCBuildConfiguration;
			buildSettings = {
				ALWAYS_SEARCH_USER_PATHS = NO;
				ASSETCATALOG_COMPILER_GENERATE_SWIFT_ASSET_SYMBOL_EXTENSIONS = YES;
				CLANG_ANALYZER_NONNULL = YES;
				CLANG_ANALYZER_NUMBER_OBJECT_CONVERSION = YES_AGGRESSIVE;
				CLANG_CXX_LANGUAGE_STANDARD = "gnu++20";
				CLANG_ENABLE_MODULES = YES;
				CLANG_ENABLE_OBJC_ARC = YES;
				CLANG_ENABLE_OBJC_WEAK = YES;
				CLANG_WARN_BLOCK_CAPTURE_AUTORELEASING = YES;
				CLANG_WARN_BOOL_CONVERSION = YES;
				CLANG_WARN_COMMA = YES;
				CLANG_WARN_CONSTANT_CONVERSION = YES;
				CLANG_WARN_DEPRECATED_OBJC_IMPLEMENTATIONS = YES;
				CLANG_WARN_DIRECT_OBJC_ISA_USAGE = YES_ERROR;
				CLANG_WARN_DOCUMENTATION_COMMENTS = YES;
				CLANG_WARN_EMPTY_BODY = YES;
				CLANG_WARN_ENUM_CONVERSION = YES;
				CLANG_WARN_INFINITE_RECURSION = YES;
				CLANG_WARN_INT_CONVERSION = YES;
				CLANG_WARN_NON_LITERAL_NULL_CONVERSION = YES;
				CLANG_WARN_OBJC_IMPLICIT_RETAIN_SELF = YES;
				CLANG_WARN_OBJC_LITERAL_CONVERSION = YES;
				CLANG_WARN_OBJC_ROOT_CLASS = YES_ERROR;
				CLANG_WARN_QUOTED_INCLUDE_IN_FRAMEWORK_HEADER = YES;
				CLANG_WARN_RANGE_LOOP_ANALYSIS = YES;
				CLANG_WARN_STRICT_PROTOTYPES = YES;
				CLANG_WARN_SUSPICIOUS_MOVE = YES;
				CLANG_WARN_UNGUARDED_AVAILABILITY = YES_AGGRESSIVE;
				CLANG_WARN_UNREACHABLE_CODE = YES;
				CLANG_WARN__DUPLICATE_METHOD_MATCH = YES;
				COPY_PHASE_STRIP = NO;
				DEBUG_INFORMATION_FORMAT = dwarf;
				ENABLE_STRICT_OBJC_MSGSEND = YES;
				ENABLE_TESTABILITY = YES;
				ENABLE_USER_SCRIPT_SANDBOXING = YES;
				GCC_C_LANGUAGE_STANDARD = gnu17;
				GCC_DYNAMIC_NO_PIC = NO;
				GCC_NO_COMMON_BLOCKS = YES;
				GCC_OPTIMIZATION_LEVEL = 0;
				GCC_PREPROCESSOR_DEFINITIONS = (
					"DEBUG=1",
					"$(inherited)",
				);
				GCC_WARN_64_TO_32_BIT_CONVERSION = YES;
				GCC_WARN_ABOUT_RETURN_TYPE = YES_ERROR;
				GCC_WARN_UNDECLARED_SELECTOR = YES;
				GCC_WARN_UNINITIALIZED_AUTOS = YES_AGGRESSIVE;
				GCC_WARN_UNUSED_FUNCTION = YES;
				GCC_WARN_UNUSED_VARIABLE = YES;
				LOCALIZATION_PREFERS_STRING_CATALOGS = YES;
				MACOSX_DEPLOYMENT_TARGET = 15.0;
				MTL_ENABLE_DEBUG_INFO = INCLUDE_SOURCE;
				MTL_FAST_MATH = YES;
				ONLY_ACTIVE_ARCH = YES;
				SDKROOT = macosx;
			};
			name = Debug;
		};
		AC6E257A2CAAA83900A66C3B /* Release */ = {
			isa = XCBuildConfiguration;
			buildSettings = {
				ALWAYS_SEARCH_USER_PATHS = NO;
				ASSETCATALOG_COMPILER_GENERATE_SWIFT_ASSET_SYMBOL_EXTENSIONS = YES;
				CLANG_ANALYZER_NONNULL = YES;
				CLANG_ANALYZER_NUMBER_OBJECT_CONVERSION = YES_AGGRESSIVE;
				CLANG_CXX_LANGUAGE_STANDARD = "gnu++20";
				CLANG_ENABLE_MODULES = YES;
				CLANG_ENABLE_OBJC_ARC = YES;
				CLANG_ENABLE_OBJC_WEAK = YES;
				CLANG_WARN_BLOCK_CAPTURE_AUTORELEASING = YES;
				CLANG_WARN_BOOL_CONVERSION = YES;
				CLANG_WARN_COMMA = YES;
				CLANG_WARN_CONSTANT_CONVERSION = YES;
				CLANG_WARN_DEPRECATED_OBJC_IMPLEMENTATIONS = YES;
				CLANG_WARN_DIRECT_OBJC_ISA_USAGE = YES_ERROR;
				CLANG_WARN_DOCUMENTATION_COMMENTS = YES;
				CLANG_WARN_EMPTY_BODY = YES;
				CLANG_WARN_ENUM_CONVERSION = YES;
				CLANG_WARN_INFINITE_RECURSION = YES;
				CLANG_WARN_INT_CONVERSION = YES;
				CLANG_WARN_NON_LITERAL_NULL_CONVERSION = YES;
				CLANG_WARN_OBJC_IMPLICIT_RETAIN_SELF = YES;
				CLANG_WARN_OBJC_LITERAL_CONVERSION = YES;
				CLANG_WARN_OBJC_ROOT_CLASS = YES_ERROR;
				CLANG_WARN_QUOTED_INCLUDE_IN_FRAMEWORK_HEADER = YES;
				CLANG_WARN_RANGE_LOOP_ANALYSIS = YES;
				CLANG_WARN_STRICT_PROTOTYPES = YES;
				CLANG_WARN_SUSPICIOUS_MOVE = YES;
				CLANG_WARN_UNGUARDED_AVAILABILITY = YES_AGGRESSIVE;
				CLANG_WARN_UNREACHABLE_CODE = YES;
				CLANG_WARN__DUPLICATE_METHOD_MATCH = YES;
				COPY_PHASE_STRIP = NO;
				DEBUG_INFORMATION_FORMAT = "dwarf-with-dsym";
				ENABLE_NS_ASSERTIONS = NO;
				ENABLE_STRICT_OBJC_MSGSEND = YES;
				ENABLE_USER_SCRIPT_SANDBOXING = YES;
				GCC_C_LANGUAGE_STANDARD = gnu17;
				GCC_NO_COMMON_BLOCKS = YES;
				GCC_WARN_64_TO_32_BIT_CONVERSION = YES;
				GCC_WARN_ABOUT_RETURN_TYPE = YES_ERROR;
				GCC_WARN_UNDECLARED_SELECTOR = YES;
				GCC_WARN_UNINITIALIZED_AUTOS = YES_AGGRESSIVE;
				GCC_WARN_UNUSED_FUNCTION = YES;
				GCC_WARN_UNUSED_VARIABLE = YES;
				LOCALIZATION_PREFERS_STRING_CATALOGS = YES;
				MACOSX_DEPLOYMENT_TARGET = 15.0;
				MTL_ENABLE_DEBUG_INFO = NO;
				MTL_FAST_MATH = YES;
				SDKROOT = macosx;
			};
			name = Release;
		};
		AC6E257C2CAAA83900A66C3B /* Debug */ = {
			isa = XCBuildConfiguration;
			buildSettings = {
				CODE_SIGN_STYLE = Automatic;
				HEADER_SEARCH_PATHS = (
					"/opt/homebrew/opt/openssl@3.3/include",
					/opt/homebrew/opt/boost/include,
					/usr/local/include,
					/opt/homebrew/include,
				);
				LIBRARY_SEARCH_PATHS = (
					/usr/local/lib,
					/opt/homebrew/opt/boost/lib,
					"/opt/homebrew/opt/openssl@3.3/lib",
					/opt/homebrew/lib,
				);
				OTHER_LDFLAGS = (
					"-lwx_osx_cocoau_html-3.2",
					"-lwx_osx_cocoau_aui-3.2",
					"-lwx_baseu-3.2",
					"-lwx_osx_cocoau_gl-3.2",
					"-lwxjpeg-3.2",
					"-lwxpng-3.2",
					"-lwxscintilla-3.2",
					"-lwx_osx_cocoau_ribbon-3.2",
					"-lwx_osx_cocoau_adv-3.2",
					"-lwx_osx_cocoau_core-3.2",
					"-lcrypto",
					"-lssl",
					"-lboost_system",
					"-lpthread",
				);
				PRODUCT_NAME = "$(TARGET_NAME)";
			};
			name = Debug;
		};
		AC6E257D2CAAA83900A66C3B /* Release */ = {
			isa = XCBuildConfiguration;
			buildSettings = {
				CODE_SIGN_STYLE = Automatic;
				HEADER_SEARCH_PATHS = (
					"/opt/homebrew/opt/openssl@3.3/include",
					/opt/homebrew/opt/boost/include,
					/usr/local/include,
					/opt/homebrew/include,
				);
				LIBRARY_SEARCH_PATHS = (
					/usr/local/lib,
					/opt/homebrew/opt/boost/lib,
					"/opt/homebrew/opt/openssl@3.3/lib",
					/opt/homebrew/lib,
				);
				OTHER_LDFLAGS = (
					"-lwx_osx_cocoau_html-3.2",
					"-lwx_osx_cocoau_aui-3.2",
					"-lwx_baseu-3.2",
					"-lwx_osx_cocoau_gl-3.2",
					"-lwxjpeg-3.2",
					"-lwxpng-3.2",
					"-lwxscintilla-3.2",
					"-lwx_osx_cocoau_ribbon-3.2",
					"-lwx_osx_cocoau_adv-3.2",
					"-lwx_osx_cocoau_core-3.2",
					"-lcrypto",
					"-lssl",
					"-lboost_system",
					"-lpthread",
				);
				PRODUCT_NAME = "$(TARGET_NAME)";
			};
			name = Release;
		};
/* End XCBuildConfiguration section */

/* Begin XCConfigurationList section */
		AC6E256F2CAAA83900A66C3B /* Build configuration list for PBXProject "MESH" */ = {
			isa = XCConfigurationList;
			buildConfigurations = (
				AC6E25792CAAA83900A66C3B /* Debug */,
				AC6E257A2CAAA83900A66C3B /* Release */,
			);
			defaultConfigurationIsVisible = 0;
			defaultConfigurationName = Release;
		};
		AC6E257B2CAAA83900A66C3B /* Build configuration list for PBXNativeTarget "MESH" */ = {
			isa = XCConfigurationList;
			buildConfigurations = (
				AC6E257C2CAAA83900A66C3B /* Debug */,
				AC6E257D2CAAA83900A66C3B /* Release */,
			);
			defaultConfigurationIsVisible = 0;
			defaultConfigurationName = Release;
		};
/* End XCConfigurationList section */
	};
	rootObject = AC6E256C2CAAA83900A66C3B /* Project object */;
}
